# Generated by c. Commit this file.

[[dependency]]
name = "Horse"
url = "https://github.com/xt9y/Horse.git"
requested = "main"
resolved = "d083ce1a33d1ac8a022baec86f4375790ba41cb8"

[[dependency]]
name = "imgui"
url = "https://github.com/ocornut/imgui.git"
requested = "v1.92.9b"
resolved = "f1cc2ae15e53a861a874c3034aae6798fde194ab"

