# Generated by c. Commit this file.

[[dependency]]
name = "imgui"
url = "https://github.com/ocornut/imgui.git"
requested = "v1.92.9b"
resolved = "f1cc2ae15e53a861a874c3034aae6798fde194ab"

[[dependency]]
name = "Horse"
url = "https://github.com/xt9y/Horse.git"
requested = "main"
resolved = "1b5718c0ce2ab71292a3c1f6bf51e4b7cac32b53"

