# Generated by c. Commit this file.

[[dependency]]
name = "Horse"
url = "https://github.com/xt9y/Horse.git"
requested = "main"
resolved = "b274b5bfbe9712e5a0478981239fe80cb9d2778e"

[[dependency]]
name = "imgui"
url = "https://github.com/ocornut/imgui.git"
requested = "v1.92.9b"
resolved = "f1cc2ae15e53a861a874c3034aae6798fde194ab"

